
Microsoft Visual Studio Solution File, Format Version 12.00
# Visual Studio 15
VisualStudioVersion = 15.0.28307.329
MinimumVisualStudioVersion = 10.0.40219.1
Project("{8BC9CEB8-8B4A-11D0-8D11-00A0C91BC942}") = "PA6-Templated", "PA6-Templated\PA6-Templated.vcxproj", "{28A6BC77-BF0A-4CA5-AA01-F87E83896DF4}"
EndProject
Global
	GlobalSection(SolutionConfigurationPlatforms) = preSolution
		Debug|x64 = Debug|x64
		Debug|x86 = Debug|x86
		Release|x64 = Release|x64
		Release|x86 = Release|x86
	EndGlobalSection
	GlobalSection(ProjectConfigurationPlatforms) = postSolution
		{28A6BC77-BF0A-4CA5-AA01-F87E83896DF4}.Debug|x64.ActiveCfg = Debug|x64
		{28A6BC77-BF0A-4CA5-AA01-F87E83896DF4}.Debug|x64.Build.0 = Debug|x64
		{28A6BC77-BF0A-4CA5-AA01-F87E83896DF4}.Debug|x86.ActiveCfg = Debug|Win32
		{28A6BC77-BF0A-4CA5-AA01-F87E83896DF4}.Debug|x86.Build.0 = Debug|Win32
		{28A6BC77-BF0A-4CA5-AA01-F87E83896DF4}.Release|x64.ActiveCfg = Release|x64
		{28A6BC77-BF0A-4CA5-AA01-F87E83896DF4}.Release|x64.Build.0 = Release|x64
		{28A6BC77-BF0A-4CA5-AA01-F87E83896DF4}.Release|x86.ActiveCfg = Release|Win32
		{28A6BC77-BF0A-4CA5-AA01-F87E83896DF4}.Release|x86.Build.0 = Release|Win32
	EndGlobalSection
	GlobalSection(SolutionProperties) = preSolution
		HideSolutionNode = FALSE
	EndGlobalSection
	GlobalSection(ExtensibilityGlobals) = postSolution
		SolutionGuid = {C51AECFC-2721-4A6B-8D21-1B84B39F9876}
	EndGlobalSection
EndGlobal
